
Microsoft Visual Studio Solution File, Format Version 12.00
# Visual Studio Version 17
VisualStudioVersion = 17.2.32505.173
MinimumVisualStudioVersion = 10.0.40219.1
Project("{FAE04EC0-301F-11D3-BF4B-00C04F79EFBC}") = "NorthwindApi", "NorthwindApi\NorthwindApi.csproj", "{88CB6E81-D3FD-48FC-836B-4B847E2BF72F}"
EndProject
Global
	GlobalSection(SolutionConfigurationPlatforms) = preSolution
		Debug|Any CPU = Debug|Any CPU
		Release|Any CPU = Release|Any CPU
	EndGlobalSection
	GlobalSection(ProjectConfigurationPlatforms) = postSolution
		{88CB6E81-D3FD-48FC-836B-4B847E2BF72F}.Debug|Any CPU.ActiveCfg = Debug|Any CPU
		{88CB6E81-D3FD-48FC-836B-4B847E2BF72F}.Debug|Any CPU.Build.0 = Debug|Any CPU
		{88CB6E81-D3FD-48FC-836B-4B847E2BF72F}.Release|Any CPU.ActiveCfg = Release|Any CPU
		{88CB6E81-D3FD-48FC-836B-4B847E2BF72F}.Release|Any CPU.Build.0 = Release|Any CPU
	EndGlobalSection
	GlobalSection(SolutionProperties) = preSolution
		HideSolutionNode = FALSE
	EndGlobalSection
	GlobalSection(ExtensibilityGlobals) = postSolution
		SolutionGuid = {92C66EDB-4A45-42F4-8C38-098D60553F81}
	EndGlobalSection
EndGlobal
